// !$*UTF8*$!
{
	archiveVersion = 1;
	classes = {
	};
	objectVersion = 54;
	objects = {

/* Begin PBXBuildFile section */
		00071D6D8A8846259711B010 /* Eczar-Medium.ttf in Resources */ = {isa = PBXBuildFile; fileRef = 96853D51CF8F4F15B7F7CE53 /* Eczar-Medium.ttf */; };
		00E356F31AD99517003FC87E /* maestroTests.m in Sources */ = {isa = PBXBuildFile; fileRef = 00E356F21AD99517003FC87E /* maestroTests.m */; };
		0C80B921A6F3F58F76C31292 /* libPods-maestro.a in Frameworks */ = {isa = PBXBuildFile; fileRef = 5DCACB8F33CDC322A6C60F78 /* libPods-maestro.a */; };
		13B07FBC1A68108700A75B9A /* AppDelegate.mm in Sources */ = {isa = PBXBuildFile; fileRef = 13B07FB01A68108700A75B9A /* AppDelegate.mm */; };
		13B07FBF1A68108700A75B9A /* Images.xcassets in Resources */ = {isa = PBXBuildFile; fileRef = 13B07FB51A68108700A75B9A /* Images.xcassets */; };
		13B07FC11A68108700A75B9A /* main.m in Sources */ = {isa = PBXBuildFile; fileRef = 13B07FB71A68108700A75B9A /* main.m */; };
		2150D4946A734170A1696E82 /* Eczar-ExtraBold.ttf in Resources */ = {isa = PBXBuildFile; fileRef = 1BFF8D38826343CD835E7EE9 /* Eczar-ExtraBold.ttf */; };
		24C26A6964584969A697EA46 /* NanumSquareRoundOTFEB.otf in Resources */ = {isa = PBXBuildFile; fileRef = 968B24C65B77450880506B70 /* NanumSquareRoundOTFEB.otf */; };
		4A9D6902441543B484213B84 /* NanumSquareRoundL.ttf in Resources */ = {isa = PBXBuildFile; fileRef = 0BBDF3FBEC6449FEA1BE5B99 /* NanumSquareRoundL.ttf */; };
		5FB2D75BDDB24F669337D5D1 /* NanumSquareRoundOTFB.otf in Resources */ = {isa = PBXBuildFile; fileRef = 941F94A4229644B888761FB3 /* NanumSquareRoundOTFB.otf */; };
		671C4460B97E4876951B5528 /* Eczar-Bold.ttf in Resources */ = {isa = PBXBuildFile; fileRef = 3FC527D7B1574A28951C1081 /* Eczar-Bold.ttf */; };
		7699B88040F8A987B510C191 /* libPods-maestro-maestroTests.a in Frameworks */ = {isa = PBXBuildFile; fileRef = 19F6CBCC0A4E27FBF8BF4A61 /* libPods-maestro-maestroTests.a */; };
		776F17DEFDF1437D860F02B7 /* NanumSquareRoundB.ttf in Resources */ = {isa = PBXBuildFile; fileRef = 6239AF387BC847EA814E368D /* NanumSquareRoundB.ttf */; };
		81AB9BB82411601600AC10FF /* LaunchScreen.storyboard in Resources */ = {isa = PBXBuildFile; fileRef = 81AB9BB72411601600AC10FF /* LaunchScreen.storyboard */; };
		A8E9C28D9F2F460689D2C690 /* NanumSquareRoundEB.ttf in Resources */ = {isa = PBXBuildFile; fileRef = 08377BD5941F4D1CBDE5ECE3 /* NanumSquareRoundEB.ttf */; };
		C8E0714A4CFD40A7AD8A76EC /* Eczar-Regular.ttf in Resources */ = {isa = PBXBuildFile; fileRef = E531E3E95BF744459948E5FD /* Eczar-Regular.ttf */; };
		CC6C70F7E8344FF7889259D3 /* NanumSquareRoundOTFL.otf in Resources */ = {isa = PBXBuildFile; fileRef = 04B9340E3F734F0E94B60DCD /* NanumSquareRoundOTFL.otf */; };
		E8C2DA0480F74793B0E5CF05 /* Eczar-SemiBold.ttf in Resources */ = {isa = PBXBuildFile; fileRef = B47216E50CBC4CADBD8DAAAD /* Eczar-SemiBold.ttf */; };
		F05486FB0EE241819CACDEB2 /* NanumSquareRoundOTFR.otf in Resources */ = {isa = PBXBuildFile; fileRef = E179BD80E30C44CB81B7BEE7 /* NanumSquareRoundOTFR.otf */; };
		F8C1853A8AA94CF79AB7E353 /* NanumSquareRoundR.ttf in Resources */ = {isa = PBXBuildFile; fileRef = E8E791AF1CEB41EB867A9B52 /* NanumSquareRoundR.ttf */; };
		8B559A7068024B159EA5E13C /* NanumGothic.ttf in Resources */ = {isa = PBXBuildFile; fileRef = 9290B51F752F44C0A7491D70 /* NanumGothic.ttf */; };
		4BB5BF53145146B18478749A /* NanumGothicBold.ttf in Resources */ = {isa = PBXBuildFile; fileRef = 2A9493EABE234CE9A71C9C2B /* NanumGothicBold.ttf */; };
		B495A9963A7A4CAA8E27AAF1 /* NanumGothicExtraBold.ttf in Resources */ = {isa = PBXBuildFile; fileRef = 3423AFD4E7AA4BEAA15277BC /* NanumGothicExtraBold.ttf */; };
		A57E0EFA87644F25962B0FF1 /* NanumGothicLight.ttf in Resources */ = {isa = PBXBuildFile; fileRef = 9939DA51D0484CB5AE7E26BE /* NanumGothicLight.ttf */; };
/* End PBXBuildFile section */

/* Begin PBXContainerItemProxy section */
		00E356F41AD99517003FC87E /* PBXContainerItemProxy */ = {
			isa = PBXContainerItemProxy;
			containerPortal = 83CBB9F71A601CBA00E9B192 /* Project object */;
			proxyType = 1;
			remoteGlobalIDString = 13B07F861A680F5B00A75B9A;
			remoteInfo = maestro;
		};
/* End PBXContainerItemProxy section */

/* Begin PBXFileReference section */
		00E356EE1AD99517003FC87E /* maestroTests.xctest */ = {isa = PBXFileReference; explicitFileType = wrapper.cfbundle; includeInIndex = 0; path = maestroTests.xctest; sourceTree = BUILT_PRODUCTS_DIR; };
		00E356F11AD99517003FC87E /* Info.plist */ = {isa = PBXFileReference; lastKnownFileType = text.plist.xml; path = Info.plist; sourceTree = "<group>"; };
		00E356F21AD99517003FC87E /* maestroTests.m */ = {isa = PBXFileReference; lastKnownFileType = sourcecode.c.objc; path = maestroTests.m; sourceTree = "<group>"; };
		04B9340E3F734F0E94B60DCD /* NanumSquareRoundOTFL.otf */ = {isa = PBXFileReference; explicitFileType = undefined; fileEncoding = 9; includeInIndex = 0; lastKnownFileType = unknown; name = NanumSquareRoundOTFL.otf; path = ../fonts/NanumSquareRoundOTFL.otf; sourceTree = "<group>"; };
		08377BD5941F4D1CBDE5ECE3 /* NanumSquareRoundEB.ttf */ = {isa = PBXFileReference; explicitFileType = undefined; fileEncoding = 9; includeInIndex = 0; lastKnownFileType = unknown; name = NanumSquareRoundEB.ttf; path = ../fonts/NanumSquareRoundEB.ttf; sourceTree = "<group>"; };
		0BBDF3FBEC6449FEA1BE5B99 /* NanumSquareRoundL.ttf */ = {isa = PBXFileReference; explicitFileType = undefined; fileEncoding = 9; includeInIndex = 0; lastKnownFileType = unknown; name = NanumSquareRoundL.ttf; path = ../fonts/NanumSquareRoundL.ttf; sourceTree = "<group>"; };
		13B07F961A680F5B00A75B9A /* maestro.app */ = {isa = PBXFileReference; explicitFileType = wrapper.application; includeInIndex = 0; path = maestro.app; sourceTree = BUILT_PRODUCTS_DIR; };
		13B07FAF1A68108700A75B9A /* AppDelegate.h */ = {isa = PBXFileReference; fileEncoding = 4; lastKnownFileType = sourcecode.c.h; name = AppDelegate.h; path = maestro/AppDelegate.h; sourceTree = "<group>"; };
		13B07FB01A68108700A75B9A /* AppDelegate.mm */ = {isa = PBXFileReference; fileEncoding = 4; lastKnownFileType = sourcecode.cpp.objcpp; name = AppDelegate.mm; path = maestro/AppDelegate.mm; sourceTree = "<group>"; };
		13B07FB51A68108700A75B9A /* Images.xcassets */ = {isa = PBXFileReference; lastKnownFileType = folder.assetcatalog; name = Images.xcassets; path = maestro/Images.xcassets; sourceTree = "<group>"; };
		13B07FB61A68108700A75B9A /* Info.plist */ = {isa = PBXFileReference; fileEncoding = 4; lastKnownFileType = text.plist.xml; name = Info.plist; path = maestro/Info.plist; sourceTree = "<group>"; };
		13B07FB71A68108700A75B9A /* main.m */ = {isa = PBXFileReference; fileEncoding = 4; lastKnownFileType = sourcecode.c.objc; name = main.m; path = maestro/main.m; sourceTree = "<group>"; };
		19F6CBCC0A4E27FBF8BF4A61 /* libPods-maestro-maestroTests.a */ = {isa = PBXFileReference; explicitFileType = archive.ar; includeInIndex = 0; path = "libPods-maestro-maestroTests.a"; sourceTree = BUILT_PRODUCTS_DIR; };
		1BFF8D38826343CD835E7EE9 /* Eczar-ExtraBold.ttf */ = {isa = PBXFileReference; explicitFileType = undefined; fileEncoding = 9; includeInIndex = 0; lastKnownFileType = unknown; name = "Eczar-ExtraBold.ttf"; path = "../fonts/Eczar-ExtraBold.ttf"; sourceTree = "<group>"; };
		3907B7932B61B07F00EE375A /* Eczar-Bold.ttf */ = {isa = PBXFileReference; lastKnownFileType = file; name = "Eczar-Bold.ttf"; path = "../fonts/Eczar-Bold.ttf"; sourceTree = "<group>"; };
		3907B7942B61B07F00EE375A /* NanumSquareRoundEB.ttf */ = {isa = PBXFileReference; lastKnownFileType = file; name = NanumSquareRoundEB.ttf; path = ../fonts/NanumSquareRoundEB.ttf; sourceTree = "<group>"; };
		3907B7952B61B07F00EE375A /* NanumSquareRoundOTFL.otf */ = {isa = PBXFileReference; lastKnownFileType = file; name = NanumSquareRoundOTFL.otf; path = ../fonts/NanumSquareRoundOTFL.otf; sourceTree = "<group>"; };
		3907B7962B61B07F00EE375A /* NanumSquareRoundOTFB.otf */ = {isa = PBXFileReference; lastKnownFileType = file; name = NanumSquareRoundOTFB.otf; path = ../fonts/NanumSquareRoundOTFB.otf; sourceTree = "<group>"; };
		3907B7972B61B07F00EE375A /* Eczar-Regular.ttf */ = {isa = PBXFileReference; lastKnownFileType = file; name = "Eczar-Regular.ttf"; path = "../fonts/Eczar-Regular.ttf"; sourceTree = "<group>"; };
		3907B7982B61B07F00EE375A /* NanumSquareRoundL.ttf */ = {isa = PBXFileReference; lastKnownFileType = file; name = NanumSquareRoundL.ttf; path = ../fonts/NanumSquareRoundL.ttf; sourceTree = "<group>"; };
		3907B7992B61B07F00EE375A /* Eczar-ExtraBold.ttf */ = {isa = PBXFileReference; lastKnownFileType = file; name = "Eczar-ExtraBold.ttf"; path = "../fonts/Eczar-ExtraBold.ttf"; sourceTree = "<group>"; };
		3907B79A2B61B07F00EE375A /* NanumSquareRoundOTFR.otf */ = {isa = PBXFileReference; lastKnownFileType = file; name = NanumSquareRoundOTFR.otf; path = ../fonts/NanumSquareRoundOTFR.otf; sourceTree = "<group>"; };
		3907B79B2B61B07F00EE375A /* Eczar-Medium.ttf */ = {isa = PBXFileReference; lastKnownFileType = file; name = "Eczar-Medium.ttf"; path = "../fonts/Eczar-Medium.ttf"; sourceTree = "<group>"; };
		3907B79C2B61B07F00EE375A /* Eczar-SemiBold.ttf */ = {isa = PBXFileReference; lastKnownFileType = file; name = "Eczar-SemiBold.ttf"; path = "../fonts/Eczar-SemiBold.ttf"; sourceTree = "<group>"; };
		3907B79D2B61B07F00EE375A /* NanumSquareRoundOTFEB.otf */ = {isa = PBXFileReference; lastKnownFileType = file; name = NanumSquareRoundOTFEB.otf; path = ../fonts/NanumSquareRoundOTFEB.otf; sourceTree = "<group>"; };
		3907B79E2B61B07F00EE375A /* NanumSquareRoundB.ttf */ = {isa = PBXFileReference; lastKnownFileType = file; name = NanumSquareRoundB.ttf; path = ../fonts/NanumSquareRoundB.ttf; sourceTree = "<group>"; };
		3907B79F2B61B07F00EE375A /* NanumSquareRoundR.ttf */ = {isa = PBXFileReference; lastKnownFileType = file; name = NanumSquareRoundR.ttf; path = ../fonts/NanumSquareRoundR.ttf; sourceTree = "<group>"; };
		390B86042B6188D100228EDD /* FontAwesome6_Regular.ttf */ = {isa = PBXFileReference; lastKnownFileType = file; name = FontAwesome6_Regular.ttf; path = "../node_modules/react-native-vector-icons/Fonts/FontAwesome6_Regular.ttf"; sourceTree = "<group>"; };
		390B86052B6188D100228EDD /* FontAwesome6_Brands.ttf */ = {isa = PBXFileReference; lastKnownFileType = file; name = FontAwesome6_Brands.ttf; path = "../node_modules/react-native-vector-icons/Fonts/FontAwesome6_Brands.ttf"; sourceTree = "<group>"; };
		390B86062B6188D100228EDD /* Foundation.ttf */ = {isa = PBXFileReference; lastKnownFileType = file; name = Foundation.ttf; path = "../node_modules/react-native-vector-icons/Fonts/Foundation.ttf"; sourceTree = "<group>"; };
		390B86072B6188D100228EDD /* Zocial.ttf */ = {isa = PBXFileReference; lastKnownFileType = file; name = Zocial.ttf; path = "../node_modules/react-native-vector-icons/Fonts/Zocial.ttf"; sourceTree = "<group>"; };
		390B86082B6188D100228EDD /* FontAwesome5_Regular.ttf */ = {isa = PBXFileReference; lastKnownFileType = file; name = FontAwesome5_Regular.ttf; path = "../node_modules/react-native-vector-icons/Fonts/FontAwesome5_Regular.ttf"; sourceTree = "<group>"; };
		390B86092B6188D100228EDD /* Entypo.ttf */ = {isa = PBXFileReference; lastKnownFileType = file; name = Entypo.ttf; path = "../node_modules/react-native-vector-icons/Fonts/Entypo.ttf"; sourceTree = "<group>"; };
		390B860A2B6188D100228EDD /* Octicons.ttf */ = {isa = PBXFileReference; lastKnownFileType = file; name = Octicons.ttf; path = "../node_modules/react-native-vector-icons/Fonts/Octicons.ttf"; sourceTree = "<group>"; };
		390B860B2B6188D100228EDD /* FontAwesome5_Solid.ttf */ = {isa = PBXFileReference; lastKnownFileType = file; name = FontAwesome5_Solid.ttf; path = "../node_modules/react-native-vector-icons/Fonts/FontAwesome5_Solid.ttf"; sourceTree = "<group>"; };
		390B860C2B6188D100228EDD /* MaterialIcons.ttf */ = {isa = PBXFileReference; lastKnownFileType = file; name = MaterialIcons.ttf; path = "../node_modules/react-native-vector-icons/Fonts/MaterialIcons.ttf"; sourceTree = "<group>"; };
		390B860D2B6188D100228EDD /* FontAwesome6_Solid.ttf */ = {isa = PBXFileReference; lastKnownFileType = file; name = FontAwesome6_Solid.ttf; path = "../node_modules/react-native-vector-icons/Fonts/FontAwesome6_Solid.ttf"; sourceTree = "<group>"; };
		390B860E2B6188D100228EDD /* FontAwesome5_Brands.ttf */ = {isa = PBXFileReference; lastKnownFileType = file; name = FontAwesome5_Brands.ttf; path = "../node_modules/react-native-vector-icons/Fonts/FontAwesome5_Brands.ttf"; sourceTree = "<group>"; };
		390B860F2B6188D100228EDD /* AntDesign.ttf */ = {isa = PBXFileReference; lastKnownFileType = file; name = AntDesign.ttf; path = "../node_modules/react-native-vector-icons/Fonts/AntDesign.ttf"; sourceTree = "<group>"; };
		390B86102B6188D100228EDD /* MaterialCommunityIcons.ttf */ = {isa = PBXFileReference; lastKnownFileType = file; name = MaterialCommunityIcons.ttf; path = "../node_modules/react-native-vector-icons/Fonts/MaterialCommunityIcons.ttf"; sourceTree = "<group>"; };
		390B86112B6188D100228EDD /* EvilIcons.ttf */ = {isa = PBXFileReference; lastKnownFileType = file; name = EvilIcons.ttf; path = "../node_modules/react-native-vector-icons/Fonts/EvilIcons.ttf"; sourceTree = "<group>"; };
		390B86122B6188D100228EDD /* Ionicons.ttf */ = {isa = PBXFileReference; lastKnownFileType = file; name = Ionicons.ttf; path = "../node_modules/react-native-vector-icons/Fonts/Ionicons.ttf"; sourceTree = "<group>"; };
		390B86132B6188D100228EDD /* FontAwesome.ttf */ = {isa = PBXFileReference; lastKnownFileType = file; name = FontAwesome.ttf; path = "../node_modules/react-native-vector-icons/Fonts/FontAwesome.ttf"; sourceTree = "<group>"; };
		390B86142B6188D100228EDD /* SimpleLineIcons.ttf */ = {isa = PBXFileReference; lastKnownFileType = file; name = SimpleLineIcons.ttf; path = "../node_modules/react-native-vector-icons/Fonts/SimpleLineIcons.ttf"; sourceTree = "<group>"; };
		390B86152B6188D100228EDD /* Feather.ttf */ = {isa = PBXFileReference; lastKnownFileType = file; name = Feather.ttf; path = "../node_modules/react-native-vector-icons/Fonts/Feather.ttf"; sourceTree = "<group>"; };
		390B86162B6188D100228EDD /* Fontisto.ttf */ = {isa = PBXFileReference; lastKnownFileType = file; name = Fontisto.ttf; path = "../node_modules/react-native-vector-icons/Fonts/Fontisto.ttf"; sourceTree = "<group>"; };
		3B4392A12AC88292D35C810B /* Pods-maestro.debug.xcconfig */ = {isa = PBXFileReference; includeInIndex = 1; lastKnownFileType = text.xcconfig; name = "Pods-maestro.debug.xcconfig"; path = "Target Support Files/Pods-maestro/Pods-maestro.debug.xcconfig"; sourceTree = "<group>"; };
		3FC527D7B1574A28951C1081 /* Eczar-Bold.ttf */ = {isa = PBXFileReference; explicitFileType = undefined; fileEncoding = 9; includeInIndex = 0; lastKnownFileType = unknown; name = "Eczar-Bold.ttf"; path = "../fonts/Eczar-Bold.ttf"; sourceTree = "<group>"; };
		5709B34CF0A7D63546082F79 /* Pods-maestro.release.xcconfig */ = {isa = PBXFileReference; includeInIndex = 1; lastKnownFileType = text.xcconfig; name = "Pods-maestro.release.xcconfig"; path = "Target Support Files/Pods-maestro/Pods-maestro.release.xcconfig"; sourceTree = "<group>"; };
		5B7EB9410499542E8C5724F5 /* Pods-maestro-maestroTests.debug.xcconfig */ = {isa = PBXFileReference; includeInIndex = 1; lastKnownFileType = text.xcconfig; name = "Pods-maestro-maestroTests.debug.xcconfig"; path = "Target Support Files/Pods-maestro-maestroTests/Pods-maestro-maestroTests.debug.xcconfig"; sourceTree = "<group>"; };
		5DCACB8F33CDC322A6C60F78 /* libPods-maestro.a */ = {isa = PBXFileReference; explicitFileType = archive.ar; includeInIndex = 0; path = "libPods-maestro.a"; sourceTree = BUILT_PRODUCTS_DIR; };
		6239AF387BC847EA814E368D /* NanumSquareRoundB.ttf */ = {isa = PBXFileReference; explicitFileType = undefined; fileEncoding = 9; includeInIndex = 0; lastKnownFileType = unknown; name = NanumSquareRoundB.ttf; path = ../fonts/NanumSquareRoundB.ttf; sourceTree = "<group>"; };
		81AB9BB72411601600AC10FF /* LaunchScreen.storyboard */ = {isa = PBXFileReference; fileEncoding = 4; lastKnownFileType = file.storyboard; name = LaunchScreen.storyboard; path = maestro/LaunchScreen.storyboard; sourceTree = "<group>"; };
		89C6BE57DB24E9ADA2F236DE /* Pods-maestro-maestroTests.release.xcconfig */ = {isa = PBXFileReference; includeInIndex = 1; lastKnownFileType = text.xcconfig; name = "Pods-maestro-maestroTests.release.xcconfig"; path = "Target Support Files/Pods-maestro-maestroTests/Pods-maestro-maestroTests.release.xcconfig"; sourceTree = "<group>"; };
		941F94A4229644B888761FB3 /* NanumSquareRoundOTFB.otf */ = {isa = PBXFileReference; explicitFileType = undefined; fileEncoding = 9; includeInIndex = 0; lastKnownFileType = unknown; name = NanumSquareRoundOTFB.otf; path = ../fonts/NanumSquareRoundOTFB.otf; sourceTree = "<group>"; };
		96853D51CF8F4F15B7F7CE53 /* Eczar-Medium.ttf */ = {isa = PBXFileReference; explicitFileType = undefined; fileEncoding = 9; includeInIndex = 0; lastKnownFileType = unknown; name = "Eczar-Medium.ttf"; path = "../fonts/Eczar-Medium.ttf"; sourceTree = "<group>"; };
		968B24C65B77450880506B70 /* NanumSquareRoundOTFEB.otf */ = {isa = PBXFileReference; explicitFileType = undefined; fileEncoding = 9; includeInIndex = 0; lastKnownFileType = unknown; name = NanumSquareRoundOTFEB.otf; path = ../fonts/NanumSquareRoundOTFEB.otf; sourceTree = "<group>"; };
		B47216E50CBC4CADBD8DAAAD /* Eczar-SemiBold.ttf */ = {isa = PBXFileReference; explicitFileType = undefined; fileEncoding = 9; includeInIndex = 0; lastKnownFileType = unknown; name = "Eczar-SemiBold.ttf"; path = "../fonts/Eczar-SemiBold.ttf"; sourceTree = "<group>"; };
		E179BD80E30C44CB81B7BEE7 /* NanumSquareRoundOTFR.otf */ = {isa = PBXFileReference; explicitFileType = undefined; fileEncoding = 9; includeInIndex = 0; lastKnownFileType = unknown; name = NanumSquareRoundOTFR.otf; path = ../fonts/NanumSquareRoundOTFR.otf; sourceTree = "<group>"; };
		E531E3E95BF744459948E5FD /* Eczar-Regular.ttf */ = {isa = PBXFileReference; explicitFileType = undefined; fileEncoding = 9; includeInIndex = 0; lastKnownFileType = unknown; name = "Eczar-Regular.ttf"; path = "../fonts/Eczar-Regular.ttf"; sourceTree = "<group>"; };
		E8E791AF1CEB41EB867A9B52 /* NanumSquareRoundR.ttf */ = {isa = PBXFileReference; explicitFileType = undefined; fileEncoding = 9; includeInIndex = 0; lastKnownFileType = unknown; name = NanumSquareRoundR.ttf; path = ../fonts/NanumSquareRoundR.ttf; sourceTree = "<group>"; };
		ED297162215061F000B7C4FE /* JavaScriptCore.framework */ = {isa = PBXFileReference; lastKnownFileType = wrapper.framework; name = JavaScriptCore.framework; path = System/Library/Frameworks/JavaScriptCore.framework; sourceTree = SDKROOT; };
		9290B51F752F44C0A7491D70 /* NanumGothic.ttf */ = {isa = PBXFileReference; name = "NanumGothic.ttf"; path = "../fonts/NanumGothic.ttf"; sourceTree = "<group>"; fileEncoding = undefined; lastKnownFileType = unknown; explicitFileType = undefined; includeInIndex = 0; };
		2A9493EABE234CE9A71C9C2B /* NanumGothicBold.ttf */ = {isa = PBXFileReference; name = "NanumGothicBold.ttf"; path = "../fonts/NanumGothicBold.ttf"; sourceTree = "<group>"; fileEncoding = undefined; lastKnownFileType = unknown; explicitFileType = undefined; includeInIndex = 0; };
		3423AFD4E7AA4BEAA15277BC /* NanumGothicExtraBold.ttf */ = {isa = PBXFileReference; name = "NanumGothicExtraBold.ttf"; path = "../fonts/NanumGothicExtraBold.ttf"; sourceTree = "<group>"; fileEncoding = undefined; lastKnownFileType = unknown; explicitFileType = undefined; includeInIndex = 0; };
		9939DA51D0484CB5AE7E26BE /* NanumGothicLight.ttf */ = {isa = PBXFileReference; name = "NanumGothicLight.ttf"; path = "../fonts/NanumGothicLight.ttf"; sourceTree = "<group>"; fileEncoding = undefined; lastKnownFileType = unknown; explicitFileType = undefined; includeInIndex = 0; };
/* End PBXFileReference section */

/* Begin PBXFrameworksBuildPhase section */
		00E356EB1AD99517003FC87E /* Frameworks */ = {
			isa = PBXFrameworksBuildPhase;
			buildActionMask = 2147483647;
			files = (
				7699B88040F8A987B510C191 /* libPods-maestro-maestroTests.a in Frameworks */,
			);
			runOnlyForDeploymentPostprocessing = 0;
		};
		13B07F8C1A680F5B00A75B9A /* Frameworks */ = {
			isa = PBXFrameworksBuildPhase;
			buildActionMask = 2147483647;
			files = (
				0C80B921A6F3F58F76C31292 /* libPods-maestro.a in Frameworks */,
			);
			runOnlyForDeploymentPostprocessing = 0;
		};
/* End PBXFrameworksBuildPhase section */

/* Begin PBXGroup section */
		00E356EF1AD99517003FC87E /* maestroTests */ = {
			isa = PBXGroup;
			children = (
				00E356F21AD99517003FC87E /* maestroTests.m */,
				00E356F01AD99517003FC87E /* Supporting Files */,
			);
			path = maestroTests;
			sourceTree = "<group>";
		};
		00E356F01AD99517003FC87E /* Supporting Files */ = {
			isa = PBXGroup;
			children = (
				00E356F11AD99517003FC87E /* Info.plist */,
			);
			name = "Supporting Files";
			sourceTree = "<group>";
		};
		13B07FAE1A68108700A75B9A /* maestro */ = {
			isa = PBXGroup;
			children = (
				390B86032B61880C00228EDD /* Fonts */,
				13B07FAF1A68108700A75B9A /* AppDelegate.h */,
				13B07FB01A68108700A75B9A /* AppDelegate.mm */,
				13B07FB51A68108700A75B9A /* Images.xcassets */,
				13B07FB61A68108700A75B9A /* Info.plist */,
				81AB9BB72411601600AC10FF /* LaunchScreen.storyboard */,
				13B07FB71A68108700A75B9A /* main.m */,
			);
			name = maestro;
			sourceTree = "<group>";
		};
		2658D2CCFE8C4A098EB51F4D /* Resources */ = {
			isa = PBXGroup;
			children = (
				941F94A4229644B888761FB3 /* NanumSquareRoundOTFB.otf */,
				968B24C65B77450880506B70 /* NanumSquareRoundOTFEB.otf */,
				04B9340E3F734F0E94B60DCD /* NanumSquareRoundOTFL.otf */,
				E179BD80E30C44CB81B7BEE7 /* NanumSquareRoundOTFR.otf */,
				6239AF387BC847EA814E368D /* NanumSquareRoundB.ttf */,
				08377BD5941F4D1CBDE5ECE3 /* NanumSquareRoundEB.ttf */,
				0BBDF3FBEC6449FEA1BE5B99 /* NanumSquareRoundL.ttf */,
				E8E791AF1CEB41EB867A9B52 /* NanumSquareRoundR.ttf */,
				3FC527D7B1574A28951C1081 /* Eczar-Bold.ttf */,
				1BFF8D38826343CD835E7EE9 /* Eczar-ExtraBold.ttf */,
				96853D51CF8F4F15B7F7CE53 /* Eczar-Medium.ttf */,
				E531E3E95BF744459948E5FD /* Eczar-Regular.ttf */,
				B47216E50CBC4CADBD8DAAAD /* Eczar-SemiBold.ttf */,
				9290B51F752F44C0A7491D70 /* NanumGothic.ttf */,
				2A9493EABE234CE9A71C9C2B /* NanumGothicBold.ttf */,
				3423AFD4E7AA4BEAA15277BC /* NanumGothicExtraBold.ttf */,
				9939DA51D0484CB5AE7E26BE /* NanumGothicLight.ttf */,
			);
			name = Resources;
			sourceTree = "<group>";
		};
		2D16E6871FA4F8E400B85C8A /* Frameworks */ = {
			isa = PBXGroup;
			children = (
				ED297162215061F000B7C4FE /* JavaScriptCore.framework */,
				5DCACB8F33CDC322A6C60F78 /* libPods-maestro.a */,
				19F6CBCC0A4E27FBF8BF4A61 /* libPods-maestro-maestroTests.a */,
			);
			name = Frameworks;
			sourceTree = "<group>";
		};
		390B86032B61880C00228EDD /* Fonts */ = {
			isa = PBXGroup;
			children = (
				3907B7932B61B07F00EE375A /* Eczar-Bold.ttf */,
				3907B7992B61B07F00EE375A /* Eczar-ExtraBold.ttf */,
				3907B79B2B61B07F00EE375A /* Eczar-Medium.ttf */,
				3907B7972B61B07F00EE375A /* Eczar-Regular.ttf */,
				3907B79C2B61B07F00EE375A /* Eczar-SemiBold.ttf */,
				3907B79E2B61B07F00EE375A /* NanumSquareRoundB.ttf */,
				3907B7942B61B07F00EE375A /* NanumSquareRoundEB.ttf */,
				3907B7982B61B07F00EE375A /* NanumSquareRoundL.ttf */,
				3907B7962B61B07F00EE375A /* NanumSquareRoundOTFB.otf */,
				3907B79D2B61B07F00EE375A /* NanumSquareRoundOTFEB.otf */,
				3907B7952B61B07F00EE375A /* NanumSquareRoundOTFL.otf */,
				3907B79A2B61B07F00EE375A /* NanumSquareRoundOTFR.otf */,
				3907B79F2B61B07F00EE375A /* NanumSquareRoundR.ttf */,
				390B860F2B6188D100228EDD /* AntDesign.ttf */,
				390B86092B6188D100228EDD /* Entypo.ttf */,
				390B86112B6188D100228EDD /* EvilIcons.ttf */,
				390B86152B6188D100228EDD /* Feather.ttf */,
				390B86132B6188D100228EDD /* FontAwesome.ttf */,
				390B860E2B6188D100228EDD /* FontAwesome5_Brands.ttf */,
				390B86082B6188D100228EDD /* FontAwesome5_Regular.ttf */,
				390B860B2B6188D100228EDD /* FontAwesome5_Solid.ttf */,
				390B86052B6188D100228EDD /* FontAwesome6_Brands.ttf */,
				390B86042B6188D100228EDD /* FontAwesome6_Regular.ttf */,
				390B860D2B6188D100228EDD /* FontAwesome6_Solid.ttf */,
				390B86162B6188D100228EDD /* Fontisto.ttf */,
				390B86062B6188D100228EDD /* Foundation.ttf */,
				390B86122B6188D100228EDD /* Ionicons.ttf */,
				390B86102B6188D100228EDD /* MaterialCommunityIcons.ttf */,
				390B860C2B6188D100228EDD /* MaterialIcons.ttf */,
				390B860A2B6188D100228EDD /* Octicons.ttf */,
				390B86142B6188D100228EDD /* SimpleLineIcons.ttf */,
				390B86072B6188D100228EDD /* Zocial.ttf */,
			);
			name = Fonts;
			sourceTree = "<group>";
		};
		832341AE1AAA6A7D00B99B32 /* Libraries */ = {
			isa = PBXGroup;
			children = (
			);
			name = Libraries;
			sourceTree = "<group>";
		};
		83CBB9F61A601CBA00E9B192 = {
			isa = PBXGroup;
			children = (
				13B07FAE1A68108700A75B9A /* maestro */,
				832341AE1AAA6A7D00B99B32 /* Libraries */,
				00E356EF1AD99517003FC87E /* maestroTests */,
				83CBBA001A601CBA00E9B192 /* Products */,
				2D16E6871FA4F8E400B85C8A /* Frameworks */,
				BBD78D7AC51CEA395F1C20DB /* Pods */,
				2658D2CCFE8C4A098EB51F4D /* Resources */,
			);
			indentWidth = 2;
			sourceTree = "<group>";
			tabWidth = 2;
			usesTabs = 0;
		};
		83CBBA001A601CBA00E9B192 /* Products */ = {
			isa = PBXGroup;
			children = (
				13B07F961A680F5B00A75B9A /* maestro.app */,
				00E356EE1AD99517003FC87E /* maestroTests.xctest */,
			);
			name = Products;
			sourceTree = "<group>";
		};
		BBD78D7AC51CEA395F1C20DB /* Pods */ = {
			isa = PBXGroup;
			children = (
				3B4392A12AC88292D35C810B /* Pods-maestro.debug.xcconfig */,
				5709B34CF0A7D63546082F79 /* Pods-maestro.release.xcconfig */,
				5B7EB9410499542E8C5724F5 /* Pods-maestro-maestroTests.debug.xcconfig */,
				89C6BE57DB24E9ADA2F236DE /* Pods-maestro-maestroTests.release.xcconfig */,
			);
			path = Pods;
			sourceTree = "<group>";
		};
/* End PBXGroup section */

/* Begin PBXNativeTarget section */
		00E356ED1AD99517003FC87E /* maestroTests */ = {
			isa = PBXNativeTarget;
			buildConfigurationList = 00E357021AD99517003FC87E /* Build configuration list for PBXNativeTarget "maestroTests" */;
			buildPhases = (
				A55EABD7B0C7F3A422A6CC61 /* [CP] Check Pods Manifest.lock */,
				00E356EA1AD99517003FC87E /* Sources */,
				00E356EB1AD99517003FC87E /* Frameworks */,
				00E356EC1AD99517003FC87E /* Resources */,
				C59DA0FBD6956966B86A3779 /* [CP] Embed Pods Frameworks */,
				F6A41C54EA430FDDC6A6ED99 /* [CP] Copy Pods Resources */,
			);
			buildRules = (
			);
			dependencies = (
				00E356F51AD99517003FC87E /* PBXTargetDependency */,
			);
			name = maestroTests;
			productName = maestroTests;
			productReference = 00E356EE1AD99517003FC87E /* maestroTests.xctest */;
			productType = "com.apple.product-type.bundle.unit-test";
		};
		13B07F861A680F5B00A75B9A /* maestro */ = {
			isa = PBXNativeTarget;
			buildConfigurationList = 13B07F931A680F5B00A75B9A /* Build configuration list for PBXNativeTarget "maestro" */;
			buildPhases = (
				C38B50BA6285516D6DCD4F65 /* [CP] Check Pods Manifest.lock */,
				13B07F871A680F5B00A75B9A /* Sources */,
				13B07F8C1A680F5B00A75B9A /* Frameworks */,
				13B07F8E1A680F5B00A75B9A /* Resources */,
				00DD1BFF1BD5951E006B06BC /* Bundle React Native code and images */,
				00EEFC60759A1932668264C0 /* [CP] Embed Pods Frameworks */,
				E235C05ADACE081382539298 /* [CP] Copy Pods Resources */,
			);
			buildRules = (
			);
			dependencies = (
			);
			name = maestro;
			productName = maestro;
			productReference = 13B07F961A680F5B00A75B9A /* maestro.app */;
			productType = "com.apple.product-type.application";
		};
/* End PBXNativeTarget section */

/* Begin PBXProject section */
		83CBB9F71A601CBA00E9B192 /* Project object */ = {
			isa = PBXProject;
			attributes = {
				LastUpgradeCheck = 1210;
				TargetAttributes = {
					00E356ED1AD99517003FC87E = {
						CreatedOnToolsVersion = 6.2;
						TestTargetID = 13B07F861A680F5B00A75B9A;
					};
					13B07F861A680F5B00A75B9A = {
						LastSwiftMigration = 1120;
					};
				};
			};
			buildConfigurationList = 83CBB9FA1A601CBA00E9B192 /* Build configuration list for PBXProject "maestro" */;
			compatibilityVersion = "Xcode 12.0";
			developmentRegion = en;
			hasScannedForEncodings = 0;
			knownRegions = (
				en,
				Base,
			);
			mainGroup = 83CBB9F61A601CBA00E9B192;
			productRefGroup = 83CBBA001A601CBA00E9B192 /* Products */;
			projectDirPath = "";
			projectRoot = "";
			targets = (
				13B07F861A680F5B00A75B9A /* maestro */,
				00E356ED1AD99517003FC87E /* maestroTests */,
			);
		};
/* End PBXProject section */

/* Begin PBXResourcesBuildPhase section */
		00E356EC1AD99517003FC87E /* Resources */ = {
			isa = PBXResourcesBuildPhase;
			buildActionMask = 2147483647;
			files = (
			);
			runOnlyForDeploymentPostprocessing = 0;
		};
		13B07F8E1A680F5B00A75B9A /* Resources */ = {
			isa = PBXResourcesBuildPhase;
			buildActionMask = 2147483647;
			files = (
				81AB9BB82411601600AC10FF /* LaunchScreen.storyboard in Resources */,
				13B07FBF1A68108700A75B9A /* Images.xcassets in Resources */,
				5FB2D75BDDB24F669337D5D1 /* NanumSquareRoundOTFB.otf in Resources */,
				24C26A6964584969A697EA46 /* NanumSquareRoundOTFEB.otf in Resources */,
				CC6C70F7E8344FF7889259D3 /* NanumSquareRoundOTFL.otf in Resources */,
				F05486FB0EE241819CACDEB2 /* NanumSquareRoundOTFR.otf in Resources */,
				776F17DEFDF1437D860F02B7 /* NanumSquareRoundB.ttf in Resources */,
				A8E9C28D9F2F460689D2C690 /* NanumSquareRoundEB.ttf in Resources */,
				4A9D6902441543B484213B84 /* NanumSquareRoundL.ttf in Resources */,
				F8C1853A8AA94CF79AB7E353 /* NanumSquareRoundR.ttf in Resources */,
				671C4460B97E4876951B5528 /* Eczar-Bold.ttf in Resources */,
				2150D4946A734170A1696E82 /* Eczar-ExtraBold.ttf in Resources */,
				00071D6D8A8846259711B010 /* Eczar-Medium.ttf in Resources */,
				C8E0714A4CFD40A7AD8A76EC /* Eczar-Regular.ttf in Resources */,
				E8C2DA0480F74793B0E5CF05 /* Eczar-SemiBold.ttf in Resources */,
				8B559A7068024B159EA5E13C /* NanumGothic.ttf in Resources */,
				4BB5BF53145146B18478749A /* NanumGothicBold.ttf in Resources */,
				B495A9963A7A4CAA8E27AAF1 /* NanumGothicExtraBold.ttf in Resources */,
				A57E0EFA87644F25962B0FF1 /* NanumGothicLight.ttf in Resources */,
			);
			runOnlyForDeploymentPostprocessing = 0;
		};
/* End PBXResourcesBuildPhase section */

/* Begin PBXShellScriptBuildPhase section */
		00DD1BFF1BD5951E006B06BC /* Bundle React Native code and images */ = {
			isa = PBXShellScriptBuildPhase;
			buildActionMask = 2147483647;
			files = (
			);
			inputPaths = (
				"$(SRCROOT)/.xcode.env.local",
				"$(SRCROOT)/.xcode.env",
			);
			name = "Bundle React Native code and images";
			outputPaths = (
			);
			runOnlyForDeploymentPostprocessing = 0;
			shellPath = /bin/sh;
			shellScript = "set -e\n\nWITH_ENVIRONMENT=\"../node_modules/react-native/scripts/xcode/with-environment.sh\"\nREACT_NATIVE_XCODE=\"../node_modules/react-native/scripts/react-native-xcode.sh\"\n\n/bin/sh -c \"$WITH_ENVIRONMENT $REACT_NATIVE_XCODE\"\n";
		};
		00EEFC60759A1932668264C0 /* [CP] Embed Pods Frameworks */ = {
			isa = PBXShellScriptBuildPhase;
			buildActionMask = 2147483647;
			files = (
			);
			inputFileListPaths = (
				"${PODS_ROOT}/Target Support Files/Pods-maestro/Pods-maestro-frameworks-${CONFIGURATION}-input-files.xcfilelist",
			);
			name = "[CP] Embed Pods Frameworks";
			outputFileListPaths = (
				"${PODS_ROOT}/Target Support Files/Pods-maestro/Pods-maestro-frameworks-${CONFIGURATION}-output-files.xcfilelist",
			);
			runOnlyForDeploymentPostprocessing = 0;
			shellPath = /bin/sh;
			shellScript = "\"${PODS_ROOT}/Target Support Files/Pods-maestro/Pods-maestro-frameworks.sh\"\n";
			showEnvVarsInLog = 0;
		};
		A55EABD7B0C7F3A422A6CC61 /* [CP] Check Pods Manifest.lock */ = {
			isa = PBXShellScriptBuildPhase;
			buildActionMask = 2147483647;
			files = (
			);
			inputFileListPaths = (
			);
			inputPaths = (
				"${PODS_PODFILE_DIR_PATH}/Podfile.lock",
				"${PODS_ROOT}/Manifest.lock",
			);
			name = "[CP] Check Pods Manifest.lock";
			outputFileListPaths = (
			);
			outputPaths = (
				"$(DERIVED_FILE_DIR)/Pods-maestro-maestroTests-checkManifestLockResult.txt",
			);
			runOnlyForDeploymentPostprocessing = 0;
			shellPath = /bin/sh;
			shellScript = "diff \"${PODS_PODFILE_DIR_PATH}/Podfile.lock\" \"${PODS_ROOT}/Manifest.lock\" > /dev/null\nif [ $? != 0 ] ; then\n    # print error to STDERR\n    echo \"error: The sandbox is not in sync with the Podfile.lock. Run 'pod install' or update your CocoaPods installation.\" >&2\n    exit 1\nfi\n# This output is used by Xcode 'outputs' to avoid re-running this script phase.\necho \"SUCCESS\" > \"${SCRIPT_OUTPUT_FILE_0}\"\n";
			showEnvVarsInLog = 0;
		};
		C38B50BA6285516D6DCD4F65 /* [CP] Check Pods Manifest.lock */ = {
			isa = PBXShellScriptBuildPhase;
			buildActionMask = 2147483647;
			files = (
			);
			inputFileListPaths = (
			);
			inputPaths = (
				"${PODS_PODFILE_DIR_PATH}/Podfile.lock",
				"${PODS_ROOT}/Manifest.lock",
			);
			name = "[CP] Check Pods Manifest.lock";
			outputFileListPaths = (
			);
			outputPaths = (
				"$(DERIVED_FILE_DIR)/Pods-maestro-checkManifestLockResult.txt",
			);
			runOnlyForDeploymentPostprocessing = 0;
			shellPath = /bin/sh;
			shellScript = "diff \"${PODS_PODFILE_DIR_PATH}/Podfile.lock\" \"${PODS_ROOT}/Manifest.lock\" > /dev/null\nif [ $? != 0 ] ; then\n    # print error to STDERR\n    echo \"error: The sandbox is not in sync with the Podfile.lock. Run 'pod install' or update your CocoaPods installation.\" >&2\n    exit 1\nfi\n# This output is used by Xcode 'outputs' to avoid re-running this script phase.\necho \"SUCCESS\" > \"${SCRIPT_OUTPUT_FILE_0}\"\n";
			showEnvVarsInLog = 0;
		};
		C59DA0FBD6956966B86A3779 /* [CP] Embed Pods Frameworks */ = {
			isa = PBXShellScriptBuildPhase;
			buildActionMask = 2147483647;
			files = (
			);
			inputFileListPaths = (
				"${PODS_ROOT}/Target Support Files/Pods-maestro-maestroTests/Pods-maestro-maestroTests-frameworks-${CONFIGURATION}-input-files.xcfilelist",
			);
			name = "[CP] Embed Pods Frameworks";
			outputFileListPaths = (
				"${PODS_ROOT}/Target Support Files/Pods-maestro-maestroTests/Pods-maestro-maestroTests-frameworks-${CONFIGURATION}-output-files.xcfilelist",
			);
			runOnlyForDeploymentPostprocessing = 0;
			shellPath = /bin/sh;
			shellScript = "\"${PODS_ROOT}/Target Support Files/Pods-maestro-maestroTests/Pods-maestro-maestroTests-frameworks.sh\"\n";
			showEnvVarsInLog = 0;
		};
		E235C05ADACE081382539298 /* [CP] Copy Pods Resources */ = {
			isa = PBXShellScriptBuildPhase;
			buildActionMask = 2147483647;
			files = (
			);
			inputFileListPaths = (
				"${PODS_ROOT}/Target Support Files/Pods-maestro/Pods-maestro-resources-${CONFIGURATION}-input-files.xcfilelist",
			);
			name = "[CP] Copy Pods Resources";
			outputFileListPaths = (
				"${PODS_ROOT}/Target Support Files/Pods-maestro/Pods-maestro-resources-${CONFIGURATION}-output-files.xcfilelist",
			);
			runOnlyForDeploymentPostprocessing = 0;
			shellPath = /bin/sh;
			shellScript = "\"${PODS_ROOT}/Target Support Files/Pods-maestro/Pods-maestro-resources.sh\"\n";
			showEnvVarsInLog = 0;
		};
		F6A41C54EA430FDDC6A6ED99 /* [CP] Copy Pods Resources */ = {
			isa = PBXShellScriptBuildPhase;
			buildActionMask = 2147483647;
			files = (
			);
			inputFileListPaths = (
				"${PODS_ROOT}/Target Support Files/Pods-maestro-maestroTests/Pods-maestro-maestroTests-resources-${CONFIGURATION}-input-files.xcfilelist",
			);
			name = "[CP] Copy Pods Resources";
			outputFileListPaths = (
				"${PODS_ROOT}/Target Support Files/Pods-maestro-maestroTests/Pods-maestro-maestroTests-resources-${CONFIGURATION}-output-files.xcfilelist",
			);
			runOnlyForDeploymentPostprocessing = 0;
			shellPath = /bin/sh;
			shellScript = "\"${PODS_ROOT}/Target Support Files/Pods-maestro-maestroTests/Pods-maestro-maestroTests-resources.sh\"\n";
			showEnvVarsInLog = 0;
		};
/* End PBXShellScriptBuildPhase section */

/* Begin PBXSourcesBuildPhase section */
		00E356EA1AD99517003FC87E /* Sources */ = {
			isa = PBXSourcesBuildPhase;
			buildActionMask = 2147483647;
			files = (
				00E356F31AD99517003FC87E /* maestroTests.m in Sources */,
			);
			runOnlyForDeploymentPostprocessing = 0;
		};
		13B07F871A680F5B00A75B9A /* Sources */ = {
			isa = PBXSourcesBuildPhase;
			buildActionMask = 2147483647;
			files = (
				13B07FBC1A68108700A75B9A /* AppDelegate.mm in Sources */,
				13B07FC11A68108700A75B9A /* main.m in Sources */,
			);
			runOnlyForDeploymentPostprocessing = 0;
		};
/* End PBXSourcesBuildPhase section */

/* Begin PBXTargetDependency section */
		00E356F51AD99517003FC87E /* PBXTargetDependency */ = {
			isa = PBXTargetDependency;
			target = 13B07F861A680F5B00A75B9A /* maestro */;
			targetProxy = 00E356F41AD99517003FC87E /* PBXContainerItemProxy */;
		};
/* End PBXTargetDependency section */

/* Begin XCBuildConfiguration section */
		00E356F61AD99517003FC87E /* Debug */ = {
			isa = XCBuildConfiguration;
			baseConfigurationReference = 5B7EB9410499542E8C5724F5 /* Pods-maestro-maestroTests.debug.xcconfig */;
			buildSettings = {
				BUNDLE_LOADER = "$(TEST_HOST)";
				GCC_PREPROCESSOR_DEFINITIONS = (
					"DEBUG=1",
					"$(inherited)",
				);
				INFOPLIST_FILE = maestroTests/Info.plist;
				IPHONEOS_DEPLOYMENT_TARGET = 13.4;
				LD_RUNPATH_SEARCH_PATHS = (
					"$(inherited)",
					"@executable_path/Frameworks",
					"@loader_path/Frameworks",
				);
				OTHER_LDFLAGS = (
					"-ObjC",
					"-lc++",
					"$(inherited)",
				);
				PRODUCT_BUNDLE_IDENTIFIER = "org.reactjs.native.example.$(PRODUCT_NAME:rfc1034identifier)";
				PRODUCT_NAME = "$(TARGET_NAME)";
				TEST_HOST = "$(BUILT_PRODUCTS_DIR)/maestro.app/maestro";
			};
			name = Debug;
		};
		00E356F71AD99517003FC87E /* Release */ = {
			isa = XCBuildConfiguration;
			baseConfigurationReference = 89C6BE57DB24E9ADA2F236DE /* Pods-maestro-maestroTests.release.xcconfig */;
			buildSettings = {
				BUNDLE_LOADER = "$(TEST_HOST)";
				COPY_PHASE_STRIP = NO;
				INFOPLIST_FILE = maestroTests/Info.plist;
				IPHONEOS_DEPLOYMENT_TARGET = 13.4;
				LD_RUNPATH_SEARCH_PATHS = (
					"$(inherited)",
					"@executable_path/Frameworks",
					"@loader_path/Frameworks",
				);
				OTHER_LDFLAGS = (
					"-ObjC",
					"-lc++",
					"$(inherited)",
				);
				PRODUCT_BUNDLE_IDENTIFIER = "org.reactjs.native.example.$(PRODUCT_NAME:rfc1034identifier)";
				PRODUCT_NAME = "$(TARGET_NAME)";
				TEST_HOST = "$(BUILT_PRODUCTS_DIR)/maestro.app/maestro";
			};
			name = Release;
		};
		13B07F941A680F5B00A75B9A /* Debug */ = {
			isa = XCBuildConfiguration;
			baseConfigurationReference = 3B4392A12AC88292D35C810B /* Pods-maestro.debug.xcconfig */;
			buildSettings = {
				ASSETCATALOG_COMPILER_APPICON_NAME = AppIcon;
				CLANG_ENABLE_MODULES = YES;
				CURRENT_PROJECT_VERSION = 1;
				DEVELOPMENT_TEAM = 82T5D743C7;
				ENABLE_BITCODE = NO;
				INFOPLIST_FILE = maestro/Info.plist;
				LD_RUNPATH_SEARCH_PATHS = (
					"$(inherited)",
					"@executable_path/Frameworks",
				);
				MARKETING_VERSION = 1.0;
				OTHER_LDFLAGS = (
					"$(inherited)",
					"-ObjC",
					"-lc++",
				);
				PRODUCT_BUNDLE_IDENTIFIER = "org.reactjs.native.example.$(PRODUCT_NAME:rfc1034identifier)";
				"PRODUCT_BUNDLE_IDENTIFIER[sdk=iphoneos*]" = jamessleep.maestro;
				PRODUCT_NAME = maestro;
				SWIFT_OPTIMIZATION_LEVEL = "-Onone";
				SWIFT_VERSION = 5.0;
				VERSIONING_SYSTEM = "apple-generic";
			};
			name = Debug;
		};
		13B07F951A680F5B00A75B9A /* Release */ = {
			isa = XCBuildConfiguration;
			baseConfigurationReference = 5709B34CF0A7D63546082F79 /* Pods-maestro.release.xcconfig */;
			buildSettings = {
				ASSETCATALOG_COMPILER_APPICON_NAME = AppIcon;
				CLANG_ENABLE_MODULES = YES;
				CURRENT_PROJECT_VERSION = 1;
				DEVELOPMENT_TEAM = 82T5D743C7;
				INFOPLIST_FILE = maestro/Info.plist;
				LD_RUNPATH_SEARCH_PATHS = (
					"$(inherited)",
					"@executable_path/Frameworks",
				);
				MARKETING_VERSION = 1.0;
				OTHER_LDFLAGS = (
					"$(inherited)",
					"-ObjC",
					"-lc++",
				);
				PRODUCT_BUNDLE_IDENTIFIER = "org.reactjs.native.example.$(PRODUCT_NAME:rfc1034identifier)";
				"PRODUCT_BUNDLE_IDENTIFIER[sdk=iphoneos*]" = jamessleep.maestro;
				PRODUCT_NAME = maestro;
				SWIFT_VERSION = 5.0;
				VERSIONING_SYSTEM = "apple-generic";
			};
			name = Release;
		};
		83CBBA201A601CBA00E9B192 /* Debug */ = {
			isa = XCBuildConfiguration;
			buildSettings = {
				ALWAYS_SEARCH_USER_PATHS = NO;
				CLANG_ANALYZER_LOCALIZABILITY_NONLOCALIZED = YES;
				CLANG_CXX_LANGUAGE_STANDARD = "c++20";
				CLANG_CXX_LIBRARY = "libc++";
				CLANG_ENABLE_MODULES = YES;
				CLANG_ENABLE_OBJC_ARC = YES;
				CLANG_WARN_BLOCK_CAPTURE_AUTORELEASING = YES;
				CLANG_WARN_BOOL_CONVERSION = YES;
				CLANG_WARN_COMMA = YES;
				CLANG_WARN_CONSTANT_CONVERSION = YES;
				CLANG_WARN_DEPRECATED_OBJC_IMPLEMENTATIONS = YES;
				CLANG_WARN_DIRECT_OBJC_ISA_USAGE = YES_ERROR;
				CLANG_WARN_EMPTY_BODY = YES;
				CLANG_WARN_ENUM_CONVERSION = YES;
				CLANG_WARN_INFINITE_RECURSION = YES;
				CLANG_WARN_INT_CONVERSION = YES;
				CLANG_WARN_NON_LITERAL_NULL_CONVERSION = YES;
				CLANG_WARN_OBJC_IMPLICIT_RETAIN_SELF = YES;
				CLANG_WARN_OBJC_LITERAL_CONVERSION = YES;
				CLANG_WARN_OBJC_ROOT_CLASS = YES_ERROR;
				CLANG_WARN_QUOTED_INCLUDE_IN_FRAMEWORK_HEADER = YES;
				CLANG_WARN_RANGE_LOOP_ANALYSIS = YES;
				CLANG_WARN_STRICT_PROTOTYPES = YES;
				CLANG_WARN_SUSPICIOUS_MOVE = YES;
				CLANG_WARN_UNREACHABLE_CODE = YES;
				CLANG_WARN__DUPLICATE_METHOD_MATCH = YES;
				"CODE_SIGN_IDENTITY[sdk=iphoneos*]" = "iPhone Developer";
				COPY_PHASE_STRIP = NO;
				ENABLE_STRICT_OBJC_MSGSEND = YES;
				ENABLE_TESTABILITY = YES;
				"EXCLUDED_ARCHS[sdk=iphonesimulator*]" = i386;
				GCC_C_LANGUAGE_STANDARD = gnu99;
				GCC_DYNAMIC_NO_PIC = NO;
				GCC_NO_COMMON_BLOCKS = YES;
				GCC_OPTIMIZATION_LEVEL = 0;
				GCC_PREPROCESSOR_DEFINITIONS = (
					"DEBUG=1",
					"$(inherited)",
				);
				GCC_SYMBOLS_PRIVATE_EXTERN = NO;
				GCC_WARN_64_TO_32_BIT_CONVERSION = YES;
				GCC_WARN_ABOUT_RETURN_TYPE = YES_ERROR;
				GCC_WARN_UNDECLARED_SELECTOR = YES;
				GCC_WARN_UNINITIALIZED_AUTOS = YES_AGGRESSIVE;
				GCC_WARN_UNUSED_FUNCTION = YES;
				GCC_WARN_UNUSED_VARIABLE = YES;
				IPHONEOS_DEPLOYMENT_TARGET = 13.4;
				LD_RUNPATH_SEARCH_PATHS = (
					/usr/lib/swift,
					"$(inherited)",
				);
				LIBRARY_SEARCH_PATHS = (
					"\"$(SDKROOT)/usr/lib/swift\"",
					"\"$(TOOLCHAIN_DIR)/usr/lib/swift/$(PLATFORM_NAME)\"",
					"\"$(inherited)\"",
				);
				MTL_ENABLE_DEBUG_INFO = YES;
				ONLY_ACTIVE_ARCH = YES;
				OTHER_CFLAGS = "$(inherited)";
				OTHER_CPLUSPLUSFLAGS = (
					"$(OTHER_CFLAGS)",
					"-DFOLLY_NO_CONFIG",
					"-DFOLLY_MOBILE=1",
					"-DFOLLY_USE_LIBCPP=1",
					"-DFOLLY_CFG_NO_COROUTINES=1",
				);
				OTHER_LDFLAGS = (
					"$(inherited)",
					"-Wl",
					"-ld_classic",
				);
				REACT_NATIVE_PATH = "${PODS_ROOT}/../../node_modules/react-native";
				SDKROOT = iphoneos;
				USE_HERMES = true;
			};
			name = Debug;
		};
		83CBBA211A601CBA00E9B192 /* Release */ = {
			isa = XCBuildConfiguration;
			buildSettings = {
				ALWAYS_SEARCH_USER_PATHS = NO;
				CLANG_ANALYZER_LOCALIZABILITY_NONLOCALIZED = YES;
				CLANG_CXX_LANGUAGE_STANDARD = "c++20";
				CLANG_CXX_LIBRARY = "libc++";
				CLANG_ENABLE_MODULES = YES;
				CLANG_ENABLE_OBJC_ARC = YES;
				CLANG_WARN_BLOCK_CAPTURE_AUTORELEASING = YES;
				CLANG_WARN_BOOL_CONVERSION = YES;
				CLANG_WARN_COMMA = YES;
				CLANG_WARN_CONSTANT_CONVERSION = YES;
				CLANG_WARN_DEPRECATED_OBJC_IMPLEMENTATIONS = YES;
				CLANG_WARN_DIRECT_OBJC_ISA_USAGE = YES_ERROR;
				CLANG_WARN_EMPTY_BODY = YES;
				CLANG_WARN_ENUM_CONVERSION = YES;
				CLANG_WARN_INFINITE_RECURSION = YES;
				CLANG_WARN_INT_CONVERSION = YES;
				CLANG_WARN_NON_LITERAL_NULL_CONVERSION = YES;
				CLANG_WARN_OBJC_IMPLICIT_RETAIN_SELF = YES;
				CLANG_WARN_OBJC_LITERAL_CONVERSION = YES;
				CLANG_WARN_OBJC_ROOT_CLASS = YES_ERROR;
				CLANG_WARN_QUOTED_INCLUDE_IN_FRAMEWORK_HEADER = YES;
				CLANG_WARN_RANGE_LOOP_ANALYSIS = YES;
				CLANG_WARN_STRICT_PROTOTYPES = YES;
				CLANG_WARN_SUSPICIOUS_MOVE = YES;
				CLANG_WARN_UNREACHABLE_CODE = YES;
				CLANG_WARN__DUPLICATE_METHOD_MATCH = YES;
				"CODE_SIGN_IDENTITY[sdk=iphoneos*]" = "iPhone Developer";
				COPY_PHASE_STRIP = YES;
				ENABLE_NS_ASSERTIONS = NO;
				ENABLE_STRICT_OBJC_MSGSEND = YES;
				"EXCLUDED_ARCHS[sdk=iphonesimulator*]" = i386;
				GCC_C_LANGUAGE_STANDARD = gnu99;
				GCC_NO_COMMON_BLOCKS = YES;
				GCC_WARN_64_TO_32_BIT_CONVERSION = YES;
				GCC_WARN_ABOUT_RETURN_TYPE = YES_ERROR;
				GCC_WARN_UNDECLARED_SELECTOR = YES;
				GCC_WARN_UNINITIALIZED_AUTOS = YES_AGGRESSIVE;
				GCC_WARN_UNUSED_FUNCTION = YES;
				GCC_WARN_UNUSED_VARIABLE = YES;
				IPHONEOS_DEPLOYMENT_TARGET = 13.4;
				LD_RUNPATH_SEARCH_PATHS = (
					/usr/lib/swift,
					"$(inherited)",
				);
				LIBRARY_SEARCH_PATHS = (
					"\"$(SDKROOT)/usr/lib/swift\"",
					"\"$(TOOLCHAIN_DIR)/usr/lib/swift/$(PLATFORM_NAME)\"",
					"\"$(inherited)\"",
				);
				MTL_ENABLE_DEBUG_INFO = NO;
				OTHER_CFLAGS = "$(inherited)";
				OTHER_CPLUSPLUSFLAGS = (
					"$(OTHER_CFLAGS)",
					"-DFOLLY_NO_CONFIG",
					"-DFOLLY_MOBILE=1",
					"-DFOLLY_USE_LIBCPP=1",
					"-DFOLLY_CFG_NO_COROUTINES=1",
				);
				OTHER_LDFLAGS = (
					"$(inherited)",
					"-Wl",
					"-ld_classic",
				);
				REACT_NATIVE_PATH = "${PODS_ROOT}/../../node_modules/react-native";
				SDKROOT = iphoneos;
				USE_HERMES = true;
				VALIDATE_PRODUCT = YES;
			};
			name = Release;
		};
/* End XCBuildConfiguration section */

/* Begin XCConfigurationList section */
		00E357021AD99517003FC87E /* Build configuration list for PBXNativeTarget "maestroTests" */ = {
			isa = XCConfigurationList;
			buildConfigurations = (
				00E356F61AD99517003FC87E /* Debug */,
				00E356F71AD99517003FC87E /* Release */,
			);
			defaultConfigurationIsVisible = 0;
			defaultConfigurationName = Release;
		};
		13B07F931A680F5B00A75B9A /* Build configuration list for PBXNativeTarget "maestro" */ = {
			isa = XCConfigurationList;
			buildConfigurations = (
				13B07F941A680F5B00A75B9A /* Debug */,
				13B07F951A680F5B00A75B9A /* Release */,
			);
			defaultConfigurationIsVisible = 0;
			defaultConfigurationName = Release;
		};
		83CBB9FA1A601CBA00E9B192 /* Build configuration list for PBXProject "maestro" */ = {
			isa = XCConfigurationList;
			buildConfigurations = (
				83CBBA201A601CBA00E9B192 /* Debug */,
				83CBBA211A601CBA00E9B192 /* Release */,
			);
			defaultConfigurationIsVisible = 0;
			defaultConfigurationName = Release;
		};
/* End XCConfigurationList section */
	};
	rootObject = 83CBB9F71A601CBA00E9B192 /* Project object */;
}
